
Microsoft Visual Studio Solution File, Format Version 12.00
# Visual Studio Version 17
VisualStudioVersion = 17.3.32929.385
MinimumVisualStudioVersion = 10.0.40219.1
Project("{9A19103F-16F7-4668-BE54-9A1E7A4F7556}") = "Lesson12", "Lesson12\Lesson12.csproj", "{DC75B723-4CDC-4574-BDDD-31B1A03C5072}"
EndProject
Project("{9A19103F-16F7-4668-BE54-9A1E7A4F7556}") = "CMDMenu", "CMDMenu\CMDMenu.csproj", "{6B44F3EE-F55A-49D9-8265-CBFCE29B3171}"
EndProject
Global
	GlobalSection(SolutionConfigurationPlatforms) = preSolution
		Debug|Any CPU = Debug|Any CPU
		Release|Any CPU = Release|Any CPU
	EndGlobalSection
	GlobalSection(ProjectConfigurationPlatforms) = postSolution
		{DC75B723-4CDC-4574-BDDD-31B1A03C5072}.Debug|Any CPU.ActiveCfg = Debug|Any CPU
		{DC75B723-4CDC-4574-BDDD-31B1A03C5072}.Debug|Any CPU.Build.0 = Debug|Any CPU
		{DC75B723-4CDC-4574-BDDD-31B1A03C5072}.Release|Any CPU.ActiveCfg = Release|Any CPU
		{DC75B723-4CDC-4574-BDDD-31B1A03C5072}.Release|Any CPU.Build.0 = Release|Any CPU
		{6B44F3EE-F55A-49D9-8265-CBFCE29B3171}.Debug|Any CPU.ActiveCfg = Debug|Any CPU
		{6B44F3EE-F55A-49D9-8265-CBFCE29B3171}.Debug|Any CPU.Build.0 = Debug|Any CPU
		{6B44F3EE-F55A-49D9-8265-CBFCE29B3171}.Release|Any CPU.ActiveCfg = Release|Any CPU
		{6B44F3EE-F55A-49D9-8265-CBFCE29B3171}.Release|Any CPU.Build.0 = Release|Any CPU
	EndGlobalSection
	GlobalSection(SolutionProperties) = preSolution
		HideSolutionNode = FALSE
	EndGlobalSection
	GlobalSection(ExtensibilityGlobals) = postSolution
		SolutionGuid = {DECF8594-2B0F-4A98-A76B-FCB3310CB0CC}
	EndGlobalSection
EndGlobal
